Microsoft Visual Studio Solution File, Format Version 12.00
# Visual Studio 15
VisualStudioVersion = 15.0.27130.0
MinimumVisualStudioVersion = 10.0.40219.1
Project("{9A19103F-16F7-4668-BE54-9A1E7A4F7556}") = "DotnetCoreAngularStarter.BusinessLogic", "DotnetCoreAngularStarter.BusinessLogic\DotnetCoreAngularStarter.BusinessLogic.csproj", "{B8764E1B-5224-4ACB-B312-957E02C99815}"
EndProject
Project("{9A19103F-16F7-4668-BE54-9A1E7A4F7556}") = "ShadowBox.AutomaticDI", "ShadowBox.AutomaticDI\ShadowBox.AutomaticDI.csproj", "{FE8B7966-9E32-417D-8B61-E5201BD0274D}"
EndProject
Project("{9A19103F-16F7-4668-BE54-9A1E7A4F7556}") = "DotnetCoreAngularStarter.API", "DotnetCoreAngularStarter.API\DotnetCoreAngularStarter.API.csproj", "{A47BA284-A56A-4BF2-9FE6-883975C0C808}"
EndProject
Project("{9A19103F-16F7-4668-BE54-9A1E7A4F7556}") = "DotnetCoreAngularStarter.Models.EntityFramework", "DotnetCoreAngularStarter.Models.EntityFramework\DotnetCoreAngularStarter.Models.EntityFramework.csproj", "{1DFEA2F7-4B57-4822-B079-347B82F529AF}"
EndProject
Project("{9A19103F-16F7-4668-BE54-9A1E7A4F7556}") = "DotnetCoreAngularStarter.Models.VM", "DotnetCoreAngularStarter.Models.VM\DotnetCoreAngularStarter.Models.VM.csproj", "{A05CEB88-AF3B-49D4-BBAD-75F6DE616E04}"
EndProject
Project("{9A19103F-16F7-4668-BE54-9A1E7A4F7556}") = "DotnetCoreAngularStarter.Models.DTO", "DotnetCoreAngularStarter.Models.DTO\DotnetCoreAngularStarter.Models.DTO.csproj", "{3BDC24B6-E31A-49A9-B941-A6C4EB3387A4}"
EndProject
Project("{9A19103F-16F7-4668-BE54-9A1E7A4F7556}") = "ShadowBox.Mapper", "ShadowBox.Mapper\ShadowBox.Mapper.csproj", "{48E84275-7092-4703-95D4-389E2C6713EF}"
EndProject
Project("{9A19103F-16F7-4668-BE54-9A1E7A4F7556}") = "DotnetCoreAngularStarter.Common", "DotnetCoreAngularStarter.Common\DotnetCoreAngularStarter.Common.csproj", "{D881D2F5-EA34-4BED-BB0D-5F8C78E527B7}"
EndProject
Project("{9A19103F-16F7-4668-BE54-9A1E7A4F7556}") = "DotnetCoreAngularStarter.Mappers.VM-DTO", "DotnetCoreAngularStarter.Mappers.VM-DTO\DotnetCoreAngularStarter.Mappers.VM-DTO.csproj", "{8E253B16-CE54-4ED3-9C2F-405AA2E588C7}"
EndProject
Project("{9A19103F-16F7-4668-BE54-9A1E7A4F7556}") = "DotnetCoreAngularStarter.Mappers.DTO-EntityFramework", "DotnetCoreAngularStarter.Mappers.DTO-EntityFramework\DotnetCoreAngularStarter.Mappers.DTO-EntityFramework.csproj", "{F49E5274-C69E-42C4-9C11-CAACE334504E}"
EndProject
Project("{9A19103F-16F7-4668-BE54-9A1E7A4F7556}") = "DotnetCoreAngularStarter.UnitTests", "DotnetCoreAngularStarter.UnitTests\DotnetCoreAngularStarter.UnitTests.csproj", "{D874A8AE-65A7-4CD0-9FBE-29B7AAC7A797}"
EndProject
Project("{9A19103F-16F7-4668-BE54-9A1E7A4F7556}") = "DotnetCoreAngularStarter.DAL", "DotnetCoreAngularStarter.DAL\DotnetCoreAngularStarter.DAL.csproj", "{13CE8A64-D3E2-4185-9166-D0198D0ED438}"
EndProject
Project("{2150E333-8FDC-42A3-9474-1A3956D46DE8}") = "Models", "Models", "{EBA7E449-0230-408B-9A6A-A97B33A60A9E}"
EndProject
Project("{2150E333-8FDC-42A3-9474-1A3956D46DE8}") = "Mappers", "Mappers", "{638407CB-1E88-4157-999D-E118F6BE6F27}"
EndProject
Project("{2150E333-8FDC-42A3-9474-1A3956D46DE8}") = "Miscellanous", "Miscellanous", "{E07D1DF0-6F40-45E2-B4EB-10058A140154}"
EndProject
Project("{2150E333-8FDC-42A3-9474-1A3956D46DE8}") = "Tests", "Tests", "{DFBFDFAC-EC80-40B9-B02F-EE65492E4304}"
EndProject
Project("{9A19103F-16F7-4668-BE54-9A1E7A4F7556}") = "ShadowBox.Utilities", "ShadowBox.Utilities\ShadowBox.Utilities.csproj", "{730539B7-DBDE-4CBB-AE23-0ADA50FC463D}"
EndProject
Project("{9A19103F-16F7-4668-BE54-9A1E7A4F7556}") = "DotnetCoreAngularStarter.ManualDI", "DotnetCoreAngularStarter.ManualDI\DotnetCoreAngularStarter.ManualDI.csproj", "{2D95FD10-8926-4910-B07E-A7BA8A66A068}"
EndProject
Project("{2150E333-8FDC-42A3-9474-1A3956D46DE8}") = "ShadowBox", "ShadowBox", "{9FEDC776-CA3F-4397-9884-0B89B533316C}"
EndProject
Project("{2150E333-8FDC-42A3-9474-1A3956D46DE8}") = "DAL", "DAL", "{31133CFF-6752-42D3-B090-6FD2615A344D}"
EndProject
Global
	GlobalSection(SolutionConfigurationPlatforms) = preSolution
		Debug|Any CPU = Debug|Any CPU
		Release|Any CPU = Release|Any CPU
	EndGlobalSection
	GlobalSection(ProjectConfigurationPlatforms) = postSolution
		{B8764E1B-5224-4ACB-B312-957E02C99815}.Debug|Any CPU.ActiveCfg = Debug|Any CPU
		{B8764E1B-5224-4ACB-B312-957E02C99815}.Debug|Any CPU.Build.0 = Debug|Any CPU
		{B8764E1B-5224-4ACB-B312-957E02C99815}.Release|Any CPU.ActiveCfg = Release|Any CPU
		{B8764E1B-5224-4ACB-B312-957E02C99815}.Release|Any CPU.Build.0 = Release|Any CPU
		{FE8B7966-9E32-417D-8B61-E5201BD0274D}.Debug|Any CPU.ActiveCfg = Debug|Any CPU
		{FE8B7966-9E32-417D-8B61-E5201BD0274D}.Debug|Any CPU.Build.0 = Debug|Any CPU
		{FE8B7966-9E32-417D-8B61-E5201BD0274D}.Release|Any CPU.ActiveCfg = Release|Any CPU
		{FE8B7966-9E32-417D-8B61-E5201BD0274D}.Release|Any CPU.Build.0 = Release|Any CPU
		{A47BA284-A56A-4BF2-9FE6-883975C0C808}.Debug|Any CPU.ActiveCfg = Debug|Any CPU
		{A47BA284-A56A-4BF2-9FE6-883975C0C808}.Debug|Any CPU.Build.0 = Debug|Any CPU
		{A47BA284-A56A-4BF2-9FE6-883975C0C808}.Release|Any CPU.ActiveCfg = Release|Any CPU
		{A47BA284-A56A-4BF2-9FE6-883975C0C808}.Release|Any CPU.Build.0 = Release|Any CPU
		{1DFEA2F7-4B57-4822-B079-347B82F529AF}.Debug|Any CPU.ActiveCfg = Debug|Any CPU
		{1DFEA2F7-4B57-4822-B079-347B82F529AF}.Debug|Any CPU.Build.0 = Debug|Any CPU
		{1DFEA2F7-4B57-4822-B079-347B82F529AF}.Release|Any CPU.ActiveCfg = Release|Any CPU
		{1DFEA2F7-4B57-4822-B079-347B82F529AF}.Release|Any CPU.Build.0 = Release|Any CPU
		{A05CEB88-AF3B-49D4-BBAD-75F6DE616E04}.Debug|Any CPU.ActiveCfg = Debug|Any CPU
		{A05CEB88-AF3B-49D4-BBAD-75F6DE616E04}.Debug|Any CPU.Build.0 = Debug|Any CPU
		{A05CEB88-AF3B-49D4-BBAD-75F6DE616E04}.Release|Any CPU.ActiveCfg = Release|Any CPU
		{A05CEB88-AF3B-49D4-BBAD-75F6DE616E04}.Release|Any CPU.Build.0 = Release|Any CPU
		{3BDC24B6-E31A-49A9-B941-A6C4EB3387A4}.Debug|Any CPU.ActiveCfg = Debug|Any CPU
		{3BDC24B6-E31A-49A9-B941-A6C4EB3387A4}.Debug|Any CPU.Build.0 = Debug|Any CPU
		{3BDC24B6-E31A-49A9-B941-A6C4EB3387A4}.Release|Any CPU.ActiveCfg = Release|Any CPU
		{3BDC24B6-E31A-49A9-B941-A6C4EB3387A4}.Release|Any CPU.Build.0 = Release|Any CPU
		{48E84275-7092-4703-95D4-389E2C6713EF}.Debug|Any CPU.ActiveCfg = Debug|Any CPU
		{48E84275-7092-4703-95D4-389E2C6713EF}.Debug|Any CPU.Build.0 = Debug|Any CPU
		{48E84275-7092-4703-95D4-389E2C6713EF}.Release|Any CPU.ActiveCfg = Release|Any CPU
		{48E84275-7092-4703-95D4-389E2C6713EF}.Release|Any CPU.Build.0 = Release|Any CPU
		{D881D2F5-EA34-4BED-BB0D-5F8C78E527B7}.Debug|Any CPU.ActiveCfg = Debug|Any CPU
		{D881D2F5-EA34-4BED-BB0D-5F8C78E527B7}.Debug|Any CPU.Build.0 = Debug|Any CPU
		{D881D2F5-EA34-4BED-BB0D-5F8C78E527B7}.Release|Any CPU.ActiveCfg = Release|Any CPU
		{D881D2F5-EA34-4BED-BB0D-5F8C78E527B7}.Release|Any CPU.Build.0 = Release|Any CPU
		{8E253B16-CE54-4ED3-9C2F-405AA2E588C7}.Debug|Any CPU.ActiveCfg = Debug|Any CPU
		{8E253B16-CE54-4ED3-9C2F-405AA2E588C7}.Debug|Any CPU.Build.0 = Debug|Any CPU
		{8E253B16-CE54-4ED3-9C2F-405AA2E588C7}.Release|Any CPU.ActiveCfg = Release|Any CPU
		{8E253B16-CE54-4ED3-9C2F-405AA2E588C7}.Release|Any CPU.Build.0 = Release|Any CPU
		{F49E5274-C69E-42C4-9C11-CAACE334504E}.Debug|Any CPU.ActiveCfg = Debug|Any CPU
		{F49E5274-C69E-42C4-9C11-CAACE334504E}.Debug|Any CPU.Build.0 = Debug|Any CPU
		{F49E5274-C69E-42C4-9C11-CAACE334504E}.Release|Any CPU.ActiveCfg = Release|Any CPU
		{F49E5274-C69E-42C4-9C11-CAACE334504E}.Release|Any CPU.Build.0 = Release|Any CPU
		{D874A8AE-65A7-4CD0-9FBE-29B7AAC7A797}.Debug|Any CPU.ActiveCfg = Debug|Any CPU
		{D874A8AE-65A7-4CD0-9FBE-29B7AAC7A797}.Debug|Any CPU.Build.0 = Debug|Any CPU
		{D874A8AE-65A7-4CD0-9FBE-29B7AAC7A797}.Release|Any CPU.ActiveCfg = Release|Any CPU
		{D874A8AE-65A7-4CD0-9FBE-29B7AAC7A797}.Release|Any CPU.Build.0 = Release|Any CPU
		{13CE8A64-D3E2-4185-9166-D0198D0ED438}.Debug|Any CPU.ActiveCfg = Debug|Any CPU
		{13CE8A64-D3E2-4185-9166-D0198D0ED438}.Debug|Any CPU.Build.0 = Debug|Any CPU
		{13CE8A64-D3E2-4185-9166-D0198D0ED438}.Release|Any CPU.ActiveCfg = Release|Any CPU
		{13CE8A64-D3E2-4185-9166-D0198D0ED438}.Release|Any CPU.Build.0 = Release|Any CPU
		{730539B7-DBDE-4CBB-AE23-0ADA50FC463D}.Debug|Any CPU.ActiveCfg = Debug|Any CPU
		{730539B7-DBDE-4CBB-AE23-0ADA50FC463D}.Debug|Any CPU.Build.0 = Debug|Any CPU
		{730539B7-DBDE-4CBB-AE23-0ADA50FC463D}.Release|Any CPU.ActiveCfg = Release|Any CPU
		{730539B7-DBDE-4CBB-AE23-0ADA50FC463D}.Release|Any CPU.Build.0 = Release|Any CPU
		{2D95FD10-8926-4910-B07E-A7BA8A66A068}.Debug|Any CPU.ActiveCfg = Debug|Any CPU
		{2D95FD10-8926-4910-B07E-A7BA8A66A068}.Debug|Any CPU.Build.0 = Debug|Any CPU
		{2D95FD10-8926-4910-B07E-A7BA8A66A068}.Release|Any CPU.ActiveCfg = Release|Any CPU
		{2D95FD10-8926-4910-B07E-A7BA8A66A068}.Release|Any CPU.Build.0 = Release|Any CPU
	EndGlobalSection
	GlobalSection(SolutionProperties) = preSolution
		HideSolutionNode = FALSE
	EndGlobalSection
	GlobalSection(NestedProjects) = preSolution
		{FE8B7966-9E32-417D-8B61-E5201BD0274D} = {9FEDC776-CA3F-4397-9884-0B89B533316C}
		{1DFEA2F7-4B57-4822-B079-347B82F529AF} = {EBA7E449-0230-408B-9A6A-A97B33A60A9E}
		{A05CEB88-AF3B-49D4-BBAD-75F6DE616E04} = {EBA7E449-0230-408B-9A6A-A97B33A60A9E}
		{3BDC24B6-E31A-49A9-B941-A6C4EB3387A4} = {EBA7E449-0230-408B-9A6A-A97B33A60A9E}
		{48E84275-7092-4703-95D4-389E2C6713EF} = {9FEDC776-CA3F-4397-9884-0B89B533316C}
		{D881D2F5-EA34-4BED-BB0D-5F8C78E527B7} = {E07D1DF0-6F40-45E2-B4EB-10058A140154}
		{8E253B16-CE54-4ED3-9C2F-405AA2E588C7} = {638407CB-1E88-4157-999D-E118F6BE6F27}
		{F49E5274-C69E-42C4-9C11-CAACE334504E} = {638407CB-1E88-4157-999D-E118F6BE6F27}
		{D874A8AE-65A7-4CD0-9FBE-29B7AAC7A797} = {DFBFDFAC-EC80-40B9-B02F-EE65492E4304}
		{13CE8A64-D3E2-4185-9166-D0198D0ED438} = {31133CFF-6752-42D3-B090-6FD2615A344D}
		{730539B7-DBDE-4CBB-AE23-0ADA50FC463D} = {9FEDC776-CA3F-4397-9884-0B89B533316C}
		{2D95FD10-8926-4910-B07E-A7BA8A66A068} = {E07D1DF0-6F40-45E2-B4EB-10058A140154}
		{9FEDC776-CA3F-4397-9884-0B89B533316C} = {E07D1DF0-6F40-45E2-B4EB-10058A140154}
		{31133CFF-6752-42D3-B090-6FD2615A344D} = {E07D1DF0-6F40-45E2-B4EB-10058A140154}
	EndGlobalSection
	GlobalSection(ExtensibilityGlobals) = postSolution
		SolutionGuid = {CB905535-4947-4887-8DFF-3DCA5A537EE1}
	EndGlobalSection
EndGlobal
